# THIS IS AN AUTOGENERATED FILE. DO NOT EDIT THIS FILE DIRECTLY.
# yarn lockfile v1


"bulma@^0.7.1":
  "integrity" "sha512-6JHEu8U/1xsyOst/El5ImLcZIiE2JFXgvrz8GGWbnDLwTNRPJzdAM0aoUM1Ns0avALcVb6KZz9NhzmU53dGDcQ=="
  "resolved" "https://registry.npmjs.org/bulma/-/bulma-0.7.2.tgz"
  "version" "0.7.2"
